
Microsoft Visual Studio Solution File, Format Version 12.00
# Visual Studio Version 17
VisualStudioVersion = 17.3.32929.385
MinimumVisualStudioVersion = 10.0.40219.1
Project("{FAE04EC0-301F-11D3-BF4B-00C04F79EFBC}") = "Clean multipage fading", "Clean multipage fading\Clean multipage fading.csproj", "{42B1E1C8-5966-49B0-9E4F-8BED2B5BA5A9}"
EndProject
Global
	GlobalSection(SolutionConfigurationPlatforms) = preSolution
		Debug|Any CPU = Debug|Any CPU
		Release|Any CPU = Release|Any CPU
	EndGlobalSection
	GlobalSection(ProjectConfigurationPlatforms) = postSolution
		{42B1E1C8-5966-49B0-9E4F-8BED2B5BA5A9}.Debug|Any CPU.ActiveCfg = Debug|Any CPU
		{42B1E1C8-5966-49B0-9E4F-8BED2B5BA5A9}.Debug|Any CPU.Build.0 = Debug|Any CPU
		{42B1E1C8-5966-49B0-9E4F-8BED2B5BA5A9}.Debug|Any CPU.Deploy.0 = Debug|Any CPU
		{42B1E1C8-5966-49B0-9E4F-8BED2B5BA5A9}.Release|Any CPU.ActiveCfg = Release|Any CPU
		{42B1E1C8-5966-49B0-9E4F-8BED2B5BA5A9}.Release|Any CPU.Build.0 = Release|Any CPU
		{42B1E1C8-5966-49B0-9E4F-8BED2B5BA5A9}.Release|Any CPU.Deploy.0 = Release|Any CPU
	EndGlobalSection
	GlobalSection(SolutionProperties) = preSolution
		HideSolutionNode = FALSE
	EndGlobalSection
	GlobalSection(ExtensibilityGlobals) = postSolution
		SolutionGuid = {9ACCF27E-AB37-4419-9665-7EE6DA369A7E}
	EndGlobalSection
EndGlobal
